# This file is automatically @generated by Cargo.
# It is not intended for manual editing.
[[package]]
name = "cstr_core"
version = "0.2.0"
source = "registry+https://github.com/rust-lang/crates.io-index"
checksum = "8758514b5f03968703f1db1f1e196e031d5268f5295ff99a5bf345008790ba85"
dependencies = [
 "cty",
 "memchr",
]

[[package]]
name = "cty"
version = "0.2.1"
source = "registry+https://github.com/rust-lang/crates.io-index"
checksum = "7313c0d620d0cb4dbd9d019e461a4beb501071ff46ec0ab933efb4daa76d73e3"

[[package]]
name = "memchr"
version = "2.3.3"
source = "registry+https://github.com/rust-lang/crates.io-index"
checksum = "3728d817d99e5ac407411fa471ff9800a778d88a24685968b36824eaf4bee400"

[[package]]
name = "ocaml"
version = "0.12.0"
dependencies = [
 "cstr_core",
 "ocaml-derive",
 "ocaml-sys",
]

[[package]]
name = "ocaml-derive"
version = "0.12.0"
dependencies = [
 "proc-macro2",
 "quote",
 "syn",
 "synstructure",
]

[[package]]
name = "ocaml-sys"
version = "0.12.0"

[[package]]
name = "ocamlrs_test_stubs"
version = "0.1.0"
dependencies = [
 "ocaml",
]

[[package]]
name = "proc-macro2"
version = "1.0.10"
source = "registry+https://github.com/rust-lang/crates.io-index"
checksum = "df246d292ff63439fea9bc8c0a270bed0e390d5ebd4db4ba15aba81111b5abe3"
dependencies = [
 "unicode-xid",
]

[[package]]
name = "quote"
version = "1.0.3"
source = "registry+https://github.com/rust-lang/crates.io-index"
checksum = "2bdc6c187c65bca4260c9011c9e3132efe4909da44726bad24cf7572ae338d7f"
dependencies = [
 "proc-macro2",
]

[[package]]
name = "syn"
version = "1.0.18"
source = "registry+https://github.com/rust-lang/crates.io-index"
checksum = "410a7488c0a728c7ceb4ad59b9567eb4053d02e8cc7f5c0e0eeeb39518369213"
dependencies = [
 "proc-macro2",
 "quote",
 "unicode-xid",
]

[[package]]
name = "synstructure"
version = "0.12.3"
source = "registry+https://github.com/rust-lang/crates.io-index"
checksum = "67656ea1dc1b41b1451851562ea232ec2e5a80242139f7e679ceccfb5d61f545"
dependencies = [
 "proc-macro2",
 "quote",
 "syn",
 "unicode-xid",
]

[[package]]
name = "unicode-xid"
version = "0.2.0"
source = "registry+https://github.com/rust-lang/crates.io-index"
checksum = "826e7639553986605ec5979c7dd957c7895e93eabed50ab2ffa7f6128a75097c"
